
Microsoft Visual Studio Solution File, Format Version 12.00
# Visual Studio 14
VisualStudioVersion = 14.0.25420.1
MinimumVisualStudioVersion = 10.0.40219.1
Project("{FAE04EC0-301F-11D3-BF4B-00C04F79EFBC}") = "Tianxy.Web", "Tianxy.Web\Tianxy.Web.csproj", "{53BEC089-F583-4A57-BE90-37CE6756BF70}"
EndProject
Project("{FAE04EC0-301F-11D3-BF4B-00C04F79EFBC}") = "Tianxy.Tool", "Tianxy.Tool\Tianxy.Tool.csproj", "{4C9A19D2-51DC-422A-B70F-3160D04796D0}"
EndProject
Project("{FAE04EC0-301F-11D3-BF4B-00C04F79EFBC}") = "Tianxy.Test", "Tianxy.Test\Tianxy.Test.csproj", "{7EFC3411-9D75-4AA5-818C-6FE67E0E2B90}"
EndProject
Global
	GlobalSection(SolutionConfigurationPlatforms) = preSolution
		Debug|Any CPU = Debug|Any CPU
		Release|Any CPU = Release|Any CPU
	EndGlobalSection
	GlobalSection(ProjectConfigurationPlatforms) = postSolution
		{53BEC089-F583-4A57-BE90-37CE6756BF70}.Debug|Any CPU.ActiveCfg = Debug|Any CPU
		{53BEC089-F583-4A57-BE90-37CE6756BF70}.Debug|Any CPU.Build.0 = Debug|Any CPU
		{53BEC089-F583-4A57-BE90-37CE6756BF70}.Release|Any CPU.ActiveCfg = Release|Any CPU
		{53BEC089-F583-4A57-BE90-37CE6756BF70}.Release|Any CPU.Build.0 = Release|Any CPU
		{4C9A19D2-51DC-422A-B70F-3160D04796D0}.Debug|Any CPU.ActiveCfg = Debug|Any CPU
		{4C9A19D2-51DC-422A-B70F-3160D04796D0}.Debug|Any CPU.Build.0 = Debug|Any CPU
		{4C9A19D2-51DC-422A-B70F-3160D04796D0}.Release|Any CPU.ActiveCfg = Release|Any CPU
		{4C9A19D2-51DC-422A-B70F-3160D04796D0}.Release|Any CPU.Build.0 = Release|Any CPU
		{7EFC3411-9D75-4AA5-818C-6FE67E0E2B90}.Debug|Any CPU.ActiveCfg = Debug|Any CPU
		{7EFC3411-9D75-4AA5-818C-6FE67E0E2B90}.Debug|Any CPU.Build.0 = Debug|Any CPU
		{7EFC3411-9D75-4AA5-818C-6FE67E0E2B90}.Release|Any CPU.ActiveCfg = Release|Any CPU
		{7EFC3411-9D75-4AA5-818C-6FE67E0E2B90}.Release|Any CPU.Build.0 = Release|Any CPU
	EndGlobalSection
	GlobalSection(SolutionProperties) = preSolution
		HideSolutionNode = FALSE
	EndGlobalSection
EndGlobal
